{
  "requires": true,
  "lockfileVersion": 1,
  "dependencies": {
    "mdui": {
      "version": "0.4.1",
      "resolved": "https://registry.npmjs.org/mdui/-/mdui-0.4.1.tgz",
      "integrity": "sha512-xsEiSsWTR7He10sFbu+QciuXVD9qkLZ4I/m9gzbuAFmcfd7SreKzvAlSEKIrDRVyRFe+o8cAa8djOE+d8Qir8Q=="
    }
  }
}
